
Microsoft Visual Studio Solution File, Format Version 12.00
# Visual Studio 15
VisualStudioVersion = 15.0.26124.0
MinimumVisualStudioVersion = 15.0.26124.0
Project("{2150E333-8FDC-42A3-9474-1A3956D46DE8}") = "src", "src", "{26A2572A-380E-41F1-8096-811C37EBC27B}"
EndProject
Project("{FAE04EC0-301F-11D3-BF4B-00C04F79EFBC}") = "AiApplication.Domain", "src\AiApplication.Domain\AiApplication.Domain.csproj", "{99260C57-ED2C-44AF-BA62-E2F35891F2C6}"
EndProject
Project("{FAE04EC0-301F-11D3-BF4B-00C04F79EFBC}") = "AiApplication.Shared", "src\AiApplication.Shared\AiApplication.Shared.csproj", "{C1CC1B5A-67C3-4C39-A2BB-C786CFE54DD4}"
EndProject
Project("{FAE04EC0-301F-11D3-BF4B-00C04F79EFBC}") = "AiApplication.Application", "src\AiApplication.Application\AiApplication.Application.csproj", "{D9445489-278F-4E54-9864-0E2148BC844D}"
EndProject
Project("{FAE04EC0-301F-11D3-BF4B-00C04F79EFBC}") = "AiApplication.Infrastructure", "src\AiApplication.Infrastructure\AiApplication.Infrastructure.csproj", "{92536251-7DEB-45B9-A59A-C30848520303}"
EndProject
Project("{FAE04EC0-301F-11D3-BF4B-00C04F79EFBC}") = "AiApplication.Api", "src\AiApplication.Api\AiApplication.Api.csproj", "{8F45AE57-7D65-4939-A97E-3E7775D9632F}"
EndProject
Project("{2150E333-8FDC-42A3-9474-1A3956D46DE8}") = "tests", "tests", "{5A573084-CDFC-4993-8F87-08C2BDA4BA1E}"
EndProject
Project("{FAE04EC0-301F-11D3-BF4B-00C04F79EFBC}") = "AiApplication.UnitTests", "tests\AiApplication.UnitTests\AiApplication.UnitTests.csproj", "{D7BC5C90-B2D8-4419-877F-A74AF41DB902}"
EndProject
Project("{FAE04EC0-301F-11D3-BF4B-00C04F79EFBC}") = "AiApplication.IntegrationTests", "tests\AiApplication.IntegrationTests\AiApplication.IntegrationTests.csproj", "{E5B5E146-A822-45D3-B0EC-E7832CDF7B3D}"
EndProject
Project("{FAE04EC0-301F-11D3-BF4B-00C04F79EFBC}") = "AiApplication.ArchitectureTests", "tests\AiApplication.ArchitectureTests\AiApplication.ArchitectureTests.csproj", "{76BBED12-8E75-4547-8FE4-09B34A42337E}"
EndProject
Global
	GlobalSection(SolutionConfigurationPlatforms) = preSolution
		Debug|Any CPU = Debug|Any CPU
		Debug|x64 = Debug|x64
		Debug|x86 = Debug|x86
		Release|Any CPU = Release|Any CPU
		Release|x64 = Release|x64
		Release|x86 = Release|x86
	EndGlobalSection
	GlobalSection(SolutionProperties) = preSolution
		HideSolutionNode = FALSE
	EndGlobalSection
	GlobalSection(ProjectConfigurationPlatforms) = postSolution
		{99260C57-ED2C-44AF-BA62-E2F35891F2C6}.Debug|Any CPU.ActiveCfg = Debug|Any CPU
		{99260C57-ED2C-44AF-BA62-E2F35891F2C6}.Debug|Any CPU.Build.0 = Debug|Any CPU
		{99260C57-ED2C-44AF-BA62-E2F35891F2C6}.Debug|x64.ActiveCfg = Debug|Any CPU
		{99260C57-ED2C-44AF-BA62-E2F35891F2C6}.Debug|x64.Build.0 = Debug|Any CPU
		{99260C57-ED2C-44AF-BA62-E2F35891F2C6}.Debug|x86.ActiveCfg = Debug|Any CPU
		{99260C57-ED2C-44AF-BA62-E2F35891F2C6}.Debug|x86.Build.0 = Debug|Any CPU
		{99260C57-ED2C-44AF-BA62-E2F35891F2C6}.Release|Any CPU.ActiveCfg = Release|Any CPU
		{99260C57-ED2C-44AF-BA62-E2F35891F2C6}.Release|Any CPU.Build.0 = Release|Any CPU
		{99260C57-ED2C-44AF-BA62-E2F35891F2C6}.Release|x64.ActiveCfg = Release|Any CPU
		{99260C57-ED2C-44AF-BA62-E2F35891F2C6}.Release|x64.Build.0 = Release|Any CPU
		{99260C57-ED2C-44AF-BA62-E2F35891F2C6}.Release|x86.ActiveCfg = Release|Any CPU
		{99260C57-ED2C-44AF-BA62-E2F35891F2C6}.Release|x86.Build.0 = Release|Any CPU
		{C1CC1B5A-67C3-4C39-A2BB-C786CFE54DD4}.Debug|Any CPU.ActiveCfg = Debug|Any CPU
		{C1CC1B5A-67C3-4C39-A2BB-C786CFE54DD4}.Debug|Any CPU.Build.0 = Debug|Any CPU
		{C1CC1B5A-67C3-4C39-A2BB-C786CFE54DD4}.Debug|x64.ActiveCfg = Debug|Any CPU
		{C1CC1B5A-67C3-4C39-A2BB-C786CFE54DD4}.Debug|x64.Build.0 = Debug|Any CPU
		{C1CC1B5A-67C3-4C39-A2BB-C786CFE54DD4}.Debug|x86.ActiveCfg = Debug|Any CPU
		{C1CC1B5A-67C3-4C39-A2BB-C786CFE54DD4}.Debug|x86.Build.0 = Debug|Any CPU
		{C1CC1B5A-67C3-4C39-A2BB-C786CFE54DD4}.Release|Any CPU.ActiveCfg = Release|Any CPU
		{C1CC1B5A-67C3-4C39-A2BB-C786CFE54DD4}.Release|Any CPU.Build.0 = Release|Any CPU
		{C1CC1B5A-67C3-4C39-A2BB-C786CFE54DD4}.Release|x64.ActiveCfg = Release|Any CPU
		{C1CC1B5A-67C3-4C39-A2BB-C786CFE54DD4}.Release|x64.Build.0 = Release|Any CPU
		{C1CC1B5A-67C3-4C39-A2BB-C786CFE54DD4}.Release|x86.ActiveCfg = Release|Any CPU
		{C1CC1B5A-67C3-4C39-A2BB-C786CFE54DD4}.Release|x86.Build.0 = Release|Any CPU
		{D9445489-278F-4E54-9864-0E2148BC844D}.Debug|Any CPU.ActiveCfg = Debug|Any CPU
		{D9445489-278F-4E54-9864-0E2148BC844D}.Debug|Any CPU.Build.0 = Debug|Any CPU
		{D9445489-278F-4E54-9864-0E2148BC844D}.Debug|x64.ActiveCfg = Debug|Any CPU
		{D9445489-278F-4E54-9864-0E2148BC844D}.Debug|x64.Build.0 = Debug|Any CPU
		{D9445489-278F-4E54-9864-0E2148BC844D}.Debug|x86.ActiveCfg = Debug|Any CPU
		{D9445489-278F-4E54-9864-0E2148BC844D}.Debug|x86.Build.0 = Debug|Any CPU
		{D9445489-278F-4E54-9864-0E2148BC844D}.Release|Any CPU.ActiveCfg = Release|Any CPU
		{D9445489-278F-4E54-9864-0E2148BC844D}.Release|Any CPU.Build.0 = Release|Any CPU
		{D9445489-278F-4E54-9864-0E2148BC844D}.Release|x64.ActiveCfg = Release|Any CPU
		{D9445489-278F-4E54-9864-0E2148BC844D}.Release|x64.Build.0 = Release|Any CPU
		{D9445489-278F-4E54-9864-0E2148BC844D}.Release|x86.ActiveCfg = Release|Any CPU
		{D9445489-278F-4E54-9864-0E2148BC844D}.Release|x86.Build.0 = Release|Any CPU
		{92536251-7DEB-45B9-A59A-C30848520303}.Debug|Any CPU.ActiveCfg = Debug|Any CPU
		{92536251-7DEB-45B9-A59A-C30848520303}.Debug|Any CPU.Build.0 = Debug|Any CPU
		{92536251-7DEB-45B9-A59A-C30848520303}.Debug|x64.ActiveCfg = Debug|Any CPU
		{92536251-7DEB-45B9-A59A-C30848520303}.Debug|x64.Build.0 = Debug|Any CPU
		{92536251-7DEB-45B9-A59A-C30848520303}.Debug|x86.ActiveCfg = Debug|Any CPU
		{92536251-7DEB-45B9-A59A-C30848520303}.Debug|x86.Build.0 = Debug|Any CPU
		{92536251-7DEB-45B9-A59A-C30848520303}.Release|Any CPU.ActiveCfg = Release|Any CPU
		{92536251-7DEB-45B9-A59A-C30848520303}.Release|Any CPU.Build.0 = Release|Any CPU
		{92536251-7DEB-45B9-A59A-C30848520303}.Release|x64.ActiveCfg = Release|Any CPU
		{92536251-7DEB-45B9-A59A-C30848520303}.Release|x64.Build.0 = Release|Any CPU
		{92536251-7DEB-45B9-A59A-C30848520303}.Release|x86.ActiveCfg = Release|Any CPU
		{92536251-7DEB-45B9-A59A-C30848520303}.Release|x86.Build.0 = Release|Any CPU
		{8F45AE57-7D65-4939-A97E-3E7775D9632F}.Debug|Any CPU.ActiveCfg = Debug|Any CPU
		{8F45AE57-7D65-4939-A97E-3E7775D9632F}.Debug|Any CPU.Build.0 = Debug|Any CPU
		{8F45AE57-7D65-4939-A97E-3E7775D9632F}.Debug|x64.ActiveCfg = Debug|Any CPU
		{8F45AE57-7D65-4939-A97E-3E7775D9632F}.Debug|x64.Build.0 = Debug|Any CPU
		{8F45AE57-7D65-4939-A97E-3E7775D9632F}.Debug|x86.ActiveCfg = Debug|Any CPU
		{8F45AE57-7D65-4939-A97E-3E7775D9632F}.Debug|x86.Build.0 = Debug|Any CPU
		{8F45AE57-7D65-4939-A97E-3E7775D9632F}.Release|Any CPU.ActiveCfg = Release|Any CPU
		{8F45AE57-7D65-4939-A97E-3E7775D9632F}.Release|Any CPU.Build.0 = Release|Any CPU
		{8F45AE57-7D65-4939-A97E-3E7775D9632F}.Release|x64.ActiveCfg = Release|Any CPU
		{8F45AE57-7D65-4939-A97E-3E7775D9632F}.Release|x64.Build.0 = Release|Any CPU
		{8F45AE57-7D65-4939-A97E-3E7775D9632F}.Release|x86.ActiveCfg = Release|Any CPU
		{8F45AE57-7D65-4939-A97E-3E7775D9632F}.Release|x86.Build.0 = Release|Any CPU
		{D7BC5C90-B2D8-4419-877F-A74AF41DB902}.Debug|Any CPU.ActiveCfg = Debug|Any CPU
		{D7BC5C90-B2D8-4419-877F-A74AF41DB902}.Debug|Any CPU.Build.0 = Debug|Any CPU
		{D7BC5C90-B2D8-4419-877F-A74AF41DB902}.Debug|x64.ActiveCfg = Debug|Any CPU
		{D7BC5C90-B2D8-4419-877F-A74AF41DB902}.Debug|x64.Build.0 = Debug|Any CPU
		{D7BC5C90-B2D8-4419-877F-A74AF41DB902}.Debug|x86.ActiveCfg = Debug|Any CPU
		{D7BC5C90-B2D8-4419-877F-A74AF41DB902}.Debug|x86.Build.0 = Debug|Any CPU
		{D7BC5C90-B2D8-4419-877F-A74AF41DB902}.Release|Any CPU.ActiveCfg = Release|Any CPU
		{D7BC5C90-B2D8-4419-877F-A74AF41DB902}.Release|Any CPU.Build.0 = Release|Any CPU
		{D7BC5C90-B2D8-4419-877F-A74AF41DB902}.Release|x64.ActiveCfg = Release|Any CPU
		{D7BC5C90-B2D8-4419-877F-A74AF41DB902}.Release|x64.Build.0 = Release|Any CPU
		{D7BC5C90-B2D8-4419-877F-A74AF41DB902}.Release|x86.ActiveCfg = Release|Any CPU
		{D7BC5C90-B2D8-4419-877F-A74AF41DB902}.Release|x86.Build.0 = Release|Any CPU
		{E5B5E146-A822-45D3-B0EC-E7832CDF7B3D}.Debug|Any CPU.ActiveCfg = Debug|Any CPU
		{E5B5E146-A822-45D3-B0EC-E7832CDF7B3D}.Debug|Any CPU.Build.0 = Debug|Any CPU
		{E5B5E146-A822-45D3-B0EC-E7832CDF7B3D}.Debug|x64.ActiveCfg = Debug|Any CPU
		{E5B5E146-A822-45D3-B0EC-E7832CDF7B3D}.Debug|x64.Build.0 = Debug|Any CPU
		{E5B5E146-A822-45D3-B0EC-E7832CDF7B3D}.Debug|x86.ActiveCfg = Debug|Any CPU
		{E5B5E146-A822-45D3-B0EC-E7832CDF7B3D}.Debug|x86.Build.0 = Debug|Any CPU
		{E5B5E146-A822-45D3-B0EC-E7832CDF7B3D}.Release|Any CPU.ActiveCfg = Release|Any CPU
		{E5B5E146-A822-45D3-B0EC-E7832CDF7B3D}.Release|Any CPU.Build.0 = Release|Any CPU
		{E5B5E146-A822-45D3-B0EC-E7832CDF7B3D}.Release|x64.ActiveCfg = Release|Any CPU
		{E5B5E146-A822-45D3-B0EC-E7832CDF7B3D}.Release|x64.Build.0 = Release|Any CPU
		{E5B5E146-A822-45D3-B0EC-E7832CDF7B3D}.Release|x86.ActiveCfg = Release|Any CPU
		{E5B5E146-A822-45D3-B0EC-E7832CDF7B3D}.Release|x86.Build.0 = Release|Any CPU
		{76BBED12-8E75-4547-8FE4-09B34A42337E}.Debug|Any CPU.ActiveCfg = Debug|Any CPU
		{76BBED12-8E75-4547-8FE4-09B34A42337E}.Debug|Any CPU.Build.0 = Debug|Any CPU
		{76BBED12-8E75-4547-8FE4-09B34A42337E}.Debug|x64.ActiveCfg = Debug|Any CPU
		{76BBED12-8E75-4547-8FE4-09B34A42337E}.Debug|x64.Build.0 = Debug|Any CPU
		{76BBED12-8E75-4547-8FE4-09B34A42337E}.Debug|x86.ActiveCfg = Debug|Any CPU
		{76BBED12-8E75-4547-8FE4-09B34A42337E}.Debug|x86.Build.0 = Debug|Any CPU
		{76BBED12-8E75-4547-8FE4-09B34A42337E}.Release|Any CPU.ActiveCfg = Release|Any CPU
		{76BBED12-8E75-4547-8FE4-09B34A42337E}.Release|Any CPU.Build.0 = Release|Any CPU
		{76BBED12-8E75-4547-8FE4-09B34A42337E}.Release|x64.ActiveCfg = Release|Any CPU
		{76BBED12-8E75-4547-8FE4-09B34A42337E}.Release|x64.Build.0 = Release|Any CPU
		{76BBED12-8E75-4547-8FE4-09B34A42337E}.Release|x86.ActiveCfg = Release|Any CPU
		{76BBED12-8E75-4547-8FE4-09B34A42337E}.Release|x86.Build.0 = Release|Any CPU
	EndGlobalSection
	GlobalSection(NestedProjects) = preSolution
		{99260C57-ED2C-44AF-BA62-E2F35891F2C6} = {26A2572A-380E-41F1-8096-811C37EBC27B}
		{C1CC1B5A-67C3-4C39-A2BB-C786CFE54DD4} = {26A2572A-380E-41F1-8096-811C37EBC27B}
		{D9445489-278F-4E54-9864-0E2148BC844D} = {26A2572A-380E-41F1-8096-811C37EBC27B}
		{92536251-7DEB-45B9-A59A-C30848520303} = {26A2572A-380E-41F1-8096-811C37EBC27B}
		{8F45AE57-7D65-4939-A97E-3E7775D9632F} = {26A2572A-380E-41F1-8096-811C37EBC27B}
		{D7BC5C90-B2D8-4419-877F-A74AF41DB902} = {5A573084-CDFC-4993-8F87-08C2BDA4BA1E}
		{E5B5E146-A822-45D3-B0EC-E7832CDF7B3D} = {5A573084-CDFC-4993-8F87-08C2BDA4BA1E}
		{76BBED12-8E75-4547-8FE4-09B34A42337E} = {5A573084-CDFC-4993-8F87-08C2BDA4BA1E}
	EndGlobalSection
EndGlobal
